// !$*UTF8*$!
{
	archiveVersion = 1;
	classes = {
	};
	objectVersion = 77;
	objects = {

/* Begin PBXBuildFile section */
		02EABD489A957AEAA7991EF8 /* ToastView.swift in Sources */ = {isa = PBXBuildFile; fileRef = 42EC5B8C7893835120454B29 /* ToastView.swift */; };
		03D09AF328EBE7357D8B3955 /* TransportView.swift in Sources */ = {isa = PBXBuildFile; fileRef = 896B81CF96A42F0D7A4CA1E7 /* TransportView.swift */; };
		0695C41C5BFCD2213CD18550 /* PatternLibraryViewController.swift in Sources */ = {isa = PBXBuildFile; fileRef = DD07FB99292ED2FF9866F738 /* PatternLibraryViewController.swift */; };
		0CD41FB68FDBEA533E7F020D /* Theme.swift in Sources */ = {isa = PBXBuildFile; fileRef = A51EDD8265DEB720F5F54516 /* Theme.swift */; };
		108DA7F180F50C9BD4C7F4A8 /* KitPickerViewController.swift in Sources */ = {isa = PBXBuildFile; fileRef = 0ED5080B2F01C0239F566442 /* KitPickerViewController.swift */; };
		1588E0A7A2CC232214B932DC /* Synths.swift in Sources */ = {isa = PBXBuildFile; fileRef = 2F72C6BC8D90CE86D0586B3A /* Synths.swift */; };
		176B96B916D99A4B8D2A056F /* SampleKitsTests.swift in Sources */ = {isa = PBXBuildFile; fileRef = CF7709EC17543072039B4671 /* SampleKitsTests.swift */; };
		191AE9FFB312C7AB639EE9A0 /* AppSettings.swift in Sources */ = {isa = PBXBuildFile; fileRef = 2C0F34E5DE9E1AE3F62C2678 /* AppSettings.swift */; };
		2013364E56B47CDC09B19E61 /* TracksTests.swift in Sources */ = {isa = PBXBuildFile; fileRef = 982B0E039F5177C7BE9F9F13 /* TracksTests.swift */; };
		2219230500670C3F9AB24267 /* CrashLogger.swift in Sources */ = {isa = PBXBuildFile; fileRef = A96046916DC293790338A29F /* CrashLogger.swift */; };
		2758E91BE80F83E6B8A2EBD5 /* BarActionsViewController.swift in Sources */ = {isa = PBXBuildFile; fileRef = 647DE86F341E5789862A04D3 /* BarActionsViewController.swift */; };
		280E50DB29B43A69B012B82F /* ExportPlanTests.swift in Sources */ = {isa = PBXBuildFile; fileRef = D749E47C006DBF8D719533DE /* ExportPlanTests.swift */; };
		2910C6F1EC6B17E6735F749D /* PresetsTests.swift in Sources */ = {isa = PBXBuildFile; fileRef = B482574CA195A1DAE016C145 /* PresetsTests.swift */; };
		2B21B11B975A4EB829745FEB /* TrackHeaderView.swift in Sources */ = {isa = PBXBuildFile; fileRef = C227703998F168A936512CCB /* TrackHeaderView.swift */; };
		425E074066A69E62EFF84D5F /* SceneDelegate.swift in Sources */ = {isa = PBXBuildFile; fileRef = C973180DE38EF31F813D0783 /* SceneDelegate.swift */; };
		47ABBF89B33B0D9C0EB5145B /* SessionStateTests.swift in Sources */ = {isa = PBXBuildFile; fileRef = 6F2C534E58486485E85F3CC2 /* SessionStateTests.swift */; };
		4C0A2F7B7B5BC8EE64044055 /* TrackActionsViewController.swift in Sources */ = {isa = PBXBuildFile; fileRef = E6DA0C4A10EE8077361EC0D6 /* TrackActionsViewController.swift */; };
		593E0C3776C4B93E2CEBBFB4 /* StoreTests.swift in Sources */ = {isa = PBXBuildFile; fileRef = 58355B633C2F1A2DAD18A896 /* StoreTests.swift */; };
		5B1224B4A7B8F994B72217B7 /* Store.swift in Sources */ = {isa = PBXBuildFile; fileRef = 3905D7136357A9F65DDF822C /* Store.swift */; };
		616B1E15A99B07B4D65A228F /* Assets.xcassets in Resources */ = {isa = PBXBuildFile; fileRef = 82CA4B8BDC045C16F231C4E3 /* Assets.xcassets */; };
		7D03AE0E0B1816039E741BA5 /* TrackDetailViewController.swift in Sources */ = {isa = PBXBuildFile; fileRef = 702D069A589CC32DC18D1B3E /* TrackDetailViewController.swift */; };
		829BF53E5B5B3892A3D5EBB5 /* FaderControl.swift in Sources */ = {isa = PBXBuildFile; fileRef = 48B3F48DC7F79BDBCE5AD3CC /* FaderControl.swift */; };
		841AADEA1BF7E0367AA736A2 /* Presets.swift in Sources */ = {isa = PBXBuildFile; fileRef = AAE3ECB55FD5E43C0AA30DDB /* Presets.swift */; };
		919D2986FD36B93041167CDD /* ExportPlan.swift in Sources */ = {isa = PBXBuildFile; fileRef = 8DD4EE9122F2159AB88FE9C4 /* ExportPlan.swift */; };
		92528EF8C82B3D65914B5069 /* MainViewController.swift in Sources */ = {isa = PBXBuildFile; fileRef = BFD6248F10D8F97FB821D51E /* MainViewController.swift */; };
		957541AD298144CE3AEFA793 /* KnobControl.swift in Sources */ = {isa = PBXBuildFile; fileRef = 479A58EEA48C73B1C82F82DC /* KnobControl.swift */; };
		97710BDD3FA9DE1F343CF4D2 /* SettingsViewController.swift in Sources */ = {isa = PBXBuildFile; fileRef = BD0B6A0582997898623109FC /* SettingsViewController.swift */; };
		9B6CA5DA4B6A94018ED3D755 /* TrackEffectsTests.swift in Sources */ = {isa = PBXBuildFile; fileRef = 8050A11B221549612EC5112E /* TrackEffectsTests.swift */; };
		9E7FC8D4372D7D6477B1E1CE /* AppDelegate.swift in Sources */ = {isa = PBXBuildFile; fileRef = B7045A0EAF2A362DBDC67DCA /* AppDelegate.swift */; };
		A42EB5E151A566DA7D46C921 /* SampleKits.swift in Sources */ = {isa = PBXBuildFile; fileRef = EB05F18EB784C467E9F52091 /* SampleKits.swift */; };
		A4F508C5FF8E23F5C835CA8F /* PatternStore.swift in Sources */ = {isa = PBXBuildFile; fileRef = CD1DEEFB6F3DD723D3B04164 /* PatternStore.swift */; };
		A8554BFC2497BF99FD3C8A1F /* ActionsViewController.swift in Sources */ = {isa = PBXBuildFile; fileRef = 8AD56778432E62F6FB02FAC8 /* ActionsViewController.swift */; };
		B16E1AF171034F853892913B /* LevelMeterStripView.swift in Sources */ = {isa = PBXBuildFile; fileRef = 18BCDEC2A6D0EE413F750213 /* LevelMeterStripView.swift */; };
		B225AC568F49DA00FC0EBC6C /* ColorThemeTests.swift in Sources */ = {isa = PBXBuildFile; fileRef = AC905516CE27C92C65B2F237 /* ColorThemeTests.swift */; };
		BEF2EFE9CA34C7D767F58C56 /* PatternStoreTests.swift in Sources */ = {isa = PBXBuildFile; fileRef = 918FCF7AD462B87A68E77128 /* PatternStoreTests.swift */; };
		C2248374EB3B1E80F731F30A /* ColorTheme.swift in Sources */ = {isa = PBXBuildFile; fileRef = FF4DDB05E646D862FBBEAC3C /* ColorTheme.swift */; };
		D137BDC802515EFD1669CAA2 /* AppSettingsTests.swift in Sources */ = {isa = PBXBuildFile; fileRef = 8FA857BE40CCB4925205352A /* AppSettingsTests.swift */; };
		DD600448B5D57F1D8F25DF5B /* TrackEffects.swift in Sources */ = {isa = PBXBuildFile; fileRef = 1EF40678C2BE06437F33AFC9 /* TrackEffects.swift */; };
		E91C04DE87C0D499832AABCF /* Tracks.swift in Sources */ = {isa = PBXBuildFile; fileRef = 4E56E4EBC2B00FD97B4F7FD6 /* Tracks.swift */; };
		F17837AAB34BE33E169E3658 /* CellButton.swift in Sources */ = {isa = PBXBuildFile; fileRef = 2AE1C4767AB7667B0376366A /* CellButton.swift */; };
		F1A5D42C877007077A318F45 /* SequencerView.swift in Sources */ = {isa = PBXBuildFile; fileRef = AAB092684FDCED1A9BDDAA15 /* SequencerView.swift */; };
		FB61F8B02D4E5452965B1AF2 /* AudioEngine.swift in Sources */ = {isa = PBXBuildFile; fileRef = 58107A90060A6D3A39ED5760 /* AudioEngine.swift */; };
/* End PBXBuildFile section */

/* Begin PBXContainerItemProxy section */
		EE9EFEEC20EB618CA7451ADB /* PBXContainerItemProxy */ = {
			isa = PBXContainerItemProxy;
			containerPortal = 84FEC84833EC6BF77563A3F6 /* Project object */;
			proxyType = 1;
			remoteGlobalIDString = CF79B1BAD3D70F54153FE0B3;
			remoteInfo = Pulse;
		};
/* End PBXContainerItemProxy section */

/* Begin PBXFileReference section */
		0ED5080B2F01C0239F566442 /* KitPickerViewController.swift */ = {isa = PBXFileReference; lastKnownFileType = sourcecode.swift; path = KitPickerViewController.swift; sourceTree = "<group>"; };
		13FEF2D2118D74C3572DF349 /* Pulse.app */ = {isa = PBXFileReference; includeInIndex = 0; lastKnownFileType = wrapper.application; path = Pulse.app; sourceTree = BUILT_PRODUCTS_DIR; };
		18BCDEC2A6D0EE413F750213 /* LevelMeterStripView.swift */ = {isa = PBXFileReference; lastKnownFileType = sourcecode.swift; path = LevelMeterStripView.swift; sourceTree = "<group>"; };
		1EF40678C2BE06437F33AFC9 /* TrackEffects.swift */ = {isa = PBXFileReference; lastKnownFileType = sourcecode.swift; path = TrackEffects.swift; sourceTree = "<group>"; };
		2AE1C4767AB7667B0376366A /* CellButton.swift */ = {isa = PBXFileReference; lastKnownFileType = sourcecode.swift; path = CellButton.swift; sourceTree = "<group>"; };
		2C0F34E5DE9E1AE3F62C2678 /* AppSettings.swift */ = {isa = PBXFileReference; lastKnownFileType = sourcecode.swift; path = AppSettings.swift; sourceTree = "<group>"; };
		2F72C6BC8D90CE86D0586B3A /* Synths.swift */ = {isa = PBXFileReference; lastKnownFileType = sourcecode.swift; path = Synths.swift; sourceTree = "<group>"; };
		3905D7136357A9F65DDF822C /* Store.swift */ = {isa = PBXFileReference; lastKnownFileType = sourcecode.swift; path = Store.swift; sourceTree = "<group>"; };
		42EC5B8C7893835120454B29 /* ToastView.swift */ = {isa = PBXFileReference; lastKnownFileType = sourcecode.swift; path = ToastView.swift; sourceTree = "<group>"; };
		479A58EEA48C73B1C82F82DC /* KnobControl.swift */ = {isa = PBXFileReference; lastKnownFileType = sourcecode.swift; path = KnobControl.swift; sourceTree = "<group>"; };
		48B3F48DC7F79BDBCE5AD3CC /* FaderControl.swift */ = {isa = PBXFileReference; lastKnownFileType = sourcecode.swift; path = FaderControl.swift; sourceTree = "<group>"; };
		4E56E4EBC2B00FD97B4F7FD6 /* Tracks.swift */ = {isa = PBXFileReference; lastKnownFileType = sourcecode.swift; path = Tracks.swift; sourceTree = "<group>"; };
		4FBA30D234A433E58E16508B /* PulseTests.xctest */ = {isa = PBXFileReference; includeInIndex = 0; lastKnownFileType = wrapper.cfbundle; path = PulseTests.xctest; sourceTree = BUILT_PRODUCTS_DIR; };
		58107A90060A6D3A39ED5760 /* AudioEngine.swift */ = {isa = PBXFileReference; lastKnownFileType = sourcecode.swift; path = AudioEngine.swift; sourceTree = "<group>"; };
		58355B633C2F1A2DAD18A896 /* StoreTests.swift */ = {isa = PBXFileReference; lastKnownFileType = sourcecode.swift; path = StoreTests.swift; sourceTree = "<group>"; };
		647DE86F341E5789862A04D3 /* BarActionsViewController.swift */ = {isa = PBXFileReference; lastKnownFileType = sourcecode.swift; path = BarActionsViewController.swift; sourceTree = "<group>"; };
		6F2C534E58486485E85F3CC2 /* SessionStateTests.swift */ = {isa = PBXFileReference; lastKnownFileType = sourcecode.swift; path = SessionStateTests.swift; sourceTree = "<group>"; };
		702D069A589CC32DC18D1B3E /* TrackDetailViewController.swift */ = {isa = PBXFileReference; lastKnownFileType = sourcecode.swift; path = TrackDetailViewController.swift; sourceTree = "<group>"; };
		8050A11B221549612EC5112E /* TrackEffectsTests.swift */ = {isa = PBXFileReference; lastKnownFileType = sourcecode.swift; path = TrackEffectsTests.swift; sourceTree = "<group>"; };
		82CA4B8BDC045C16F231C4E3 /* Assets.xcassets */ = {isa = PBXFileReference; lastKnownFileType = folder.assetcatalog; path = Assets.xcassets; sourceTree = "<group>"; };
		896B81CF96A42F0D7A4CA1E7 /* TransportView.swift */ = {isa = PBXFileReference; lastKnownFileType = sourcecode.swift; path = TransportView.swift; sourceTree = "<group>"; };
		8AD56778432E62F6FB02FAC8 /* ActionsViewController.swift */ = {isa = PBXFileReference; lastKnownFileType = sourcecode.swift; path = ActionsViewController.swift; sourceTree = "<group>"; };
		8DD4EE9122F2159AB88FE9C4 /* ExportPlan.swift */ = {isa = PBXFileReference; lastKnownFileType = sourcecode.swift; path = ExportPlan.swift; sourceTree = "<group>"; };
		8FA857BE40CCB4925205352A /* AppSettingsTests.swift */ = {isa = PBXFileReference; lastKnownFileType = sourcecode.swift; path = AppSettingsTests.swift; sourceTree = "<group>"; };
		918FCF7AD462B87A68E77128 /* PatternStoreTests.swift */ = {isa = PBXFileReference; lastKnownFileType = sourcecode.swift; path = PatternStoreTests.swift; sourceTree = "<group>"; };
		982B0E039F5177C7BE9F9F13 /* TracksTests.swift */ = {isa = PBXFileReference; lastKnownFileType = sourcecode.swift; path = TracksTests.swift; sourceTree = "<group>"; };
		A51EDD8265DEB720F5F54516 /* Theme.swift */ = {isa = PBXFileReference; lastKnownFileType = sourcecode.swift; path = Theme.swift; sourceTree = "<group>"; };
		A96046916DC293790338A29F /* CrashLogger.swift */ = {isa = PBXFileReference; lastKnownFileType = sourcecode.swift; path = CrashLogger.swift; sourceTree = "<group>"; };
		AAB092684FDCED1A9BDDAA15 /* SequencerView.swift */ = {isa = PBXFileReference; lastKnownFileType = sourcecode.swift; path = SequencerView.swift; sourceTree = "<group>"; };
		AAE3ECB55FD5E43C0AA30DDB /* Presets.swift */ = {isa = PBXFileReference; lastKnownFileType = sourcecode.swift; path = Presets.swift; sourceTree = "<group>"; };
		AC905516CE27C92C65B2F237 /* ColorThemeTests.swift */ = {isa = PBXFileReference; lastKnownFileType = sourcecode.swift; path = ColorThemeTests.swift; sourceTree = "<group>"; };
		B482574CA195A1DAE016C145 /* PresetsTests.swift */ = {isa = PBXFileReference; lastKnownFileType = sourcecode.swift; path = PresetsTests.swift; sourceTree = "<group>"; };
		B7045A0EAF2A362DBDC67DCA /* AppDelegate.swift */ = {isa = PBXFileReference; lastKnownFileType = sourcecode.swift; path = AppDelegate.swift; sourceTree = "<group>"; };
		BD0B6A0582997898623109FC /* SettingsViewController.swift */ = {isa = PBXFileReference; lastKnownFileType = sourcecode.swift; path = SettingsViewController.swift; sourceTree = "<group>"; };
		BFD6248F10D8F97FB821D51E /* MainViewController.swift */ = {isa = PBXFileReference; lastKnownFileType = sourcecode.swift; path = MainViewController.swift; sourceTree = "<group>"; };
		C227703998F168A936512CCB /* TrackHeaderView.swift */ = {isa = PBXFileReference; lastKnownFileType = sourcecode.swift; path = TrackHeaderView.swift; sourceTree = "<group>"; };
		C973180DE38EF31F813D0783 /* SceneDelegate.swift */ = {isa = PBXFileReference; lastKnownFileType = sourcecode.swift; path = SceneDelegate.swift; sourceTree = "<group>"; };
		CBC8AE5BF7C0419018C1192A /* Pulse.entitlements */ = {isa = PBXFileReference; lastKnownFileType = text.plist.entitlements; path = Pulse.entitlements; sourceTree = "<group>"; };
		CD1DEEFB6F3DD723D3B04164 /* PatternStore.swift */ = {isa = PBXFileReference; lastKnownFileType = sourcecode.swift; path = PatternStore.swift; sourceTree = "<group>"; };
		CF7709EC17543072039B4671 /* SampleKitsTests.swift */ = {isa = PBXFileReference; lastKnownFileType = sourcecode.swift; path = SampleKitsTests.swift; sourceTree = "<group>"; };
		D749E47C006DBF8D719533DE /* ExportPlanTests.swift */ = {isa = PBXFileReference; lastKnownFileType = sourcecode.swift; path = ExportPlanTests.swift; sourceTree = "<group>"; };
		DD07FB99292ED2FF9866F738 /* PatternLibraryViewController.swift */ = {isa = PBXFileReference; lastKnownFileType = sourcecode.swift; path = PatternLibraryViewController.swift; sourceTree = "<group>"; };
		E6DA0C4A10EE8077361EC0D6 /* TrackActionsViewController.swift */ = {isa = PBXFileReference; lastKnownFileType = sourcecode.swift; path = TrackActionsViewController.swift; sourceTree = "<group>"; };
		EB05F18EB784C467E9F52091 /* SampleKits.swift */ = {isa = PBXFileReference; lastKnownFileType = sourcecode.swift; path = SampleKits.swift; sourceTree = "<group>"; };
		FF4DDB05E646D862FBBEAC3C /* ColorTheme.swift */ = {isa = PBXFileReference; lastKnownFileType = sourcecode.swift; path = ColorTheme.swift; sourceTree = "<group>"; };
/* End PBXFileReference section */

/* Begin PBXGroup section */
		16C8605271C6A45188D07E13 /* Pulse */ = {
			isa = PBXGroup;
			children = (
				CBC8AE5BF7C0419018C1192A /* Pulse.entitlements */,
				38F29541A06B8A159C0EFF06 /* App */,
				337EB2FF220AC70DA7D45FF2 /* Audio */,
				E31E8EE4F6E747CECB6884AD /* Data */,
				F7EE12501EB7201D317BF279 /* Resources */,
				1C5FCB9A4DB3E40A084045AB /* State */,
				1BBA6FCCC1FA176AD6D36324 /* UI */,
			);
			path = Pulse;
			sourceTree = "<group>";
		};
		1BBA6FCCC1FA176AD6D36324 /* UI */ = {
			isa = PBXGroup;
			children = (
				8AD56778432E62F6FB02FAC8 /* ActionsViewController.swift */,
				647DE86F341E5789862A04D3 /* BarActionsViewController.swift */,
				2AE1C4767AB7667B0376366A /* CellButton.swift */,
				FF4DDB05E646D862FBBEAC3C /* ColorTheme.swift */,
				48B3F48DC7F79BDBCE5AD3CC /* FaderControl.swift */,
				0ED5080B2F01C0239F566442 /* KitPickerViewController.swift */,
				479A58EEA48C73B1C82F82DC /* KnobControl.swift */,
				18BCDEC2A6D0EE413F750213 /* LevelMeterStripView.swift */,
				BFD6248F10D8F97FB821D51E /* MainViewController.swift */,
				DD07FB99292ED2FF9866F738 /* PatternLibraryViewController.swift */,
				AAB092684FDCED1A9BDDAA15 /* SequencerView.swift */,
				BD0B6A0582997898623109FC /* SettingsViewController.swift */,
				A51EDD8265DEB720F5F54516 /* Theme.swift */,
				42EC5B8C7893835120454B29 /* ToastView.swift */,
				E6DA0C4A10EE8077361EC0D6 /* TrackActionsViewController.swift */,
				702D069A589CC32DC18D1B3E /* TrackDetailViewController.swift */,
				C227703998F168A936512CCB /* TrackHeaderView.swift */,
				896B81CF96A42F0D7A4CA1E7 /* TransportView.swift */,
			);
			path = UI;
			sourceTree = "<group>";
		};
		1C5FCB9A4DB3E40A084045AB /* State */ = {
			isa = PBXGroup;
			children = (
				2C0F34E5DE9E1AE3F62C2678 /* AppSettings.swift */,
				A96046916DC293790338A29F /* CrashLogger.swift */,
				CD1DEEFB6F3DD723D3B04164 /* PatternStore.swift */,
				3905D7136357A9F65DDF822C /* Store.swift */,
			);
			path = State;
			sourceTree = "<group>";
		};
		1FEE830988994786371D8E45 /* Products */ = {
			isa = PBXGroup;
			children = (
				13FEF2D2118D74C3572DF349 /* Pulse.app */,
				4FBA30D234A433E58E16508B /* PulseTests.xctest */,
			);
			name = Products;
			sourceTree = "<group>";
		};
		337EB2FF220AC70DA7D45FF2 /* Audio */ = {
			isa = PBXGroup;
			children = (
				58107A90060A6D3A39ED5760 /* AudioEngine.swift */,
				8DD4EE9122F2159AB88FE9C4 /* ExportPlan.swift */,
				2F72C6BC8D90CE86D0586B3A /* Synths.swift */,
			);
			path = Audio;
			sourceTree = "<group>";
		};
		38F29541A06B8A159C0EFF06 /* App */ = {
			isa = PBXGroup;
			children = (
				B7045A0EAF2A362DBDC67DCA /* AppDelegate.swift */,
				C973180DE38EF31F813D0783 /* SceneDelegate.swift */,
			);
			path = App;
			sourceTree = "<group>";
		};
		7A87E3B4AE2E59047EFB8F61 = {
			isa = PBXGroup;
			children = (
				16C8605271C6A45188D07E13 /* Pulse */,
				FCB0E6001B954CCA450AA55C /* PulseTests */,
				1FEE830988994786371D8E45 /* Products */,
			);
			sourceTree = "<group>";
		};
		E31E8EE4F6E747CECB6884AD /* Data */ = {
			isa = PBXGroup;
			children = (
				AAE3ECB55FD5E43C0AA30DDB /* Presets.swift */,
				EB05F18EB784C467E9F52091 /* SampleKits.swift */,
				1EF40678C2BE06437F33AFC9 /* TrackEffects.swift */,
				4E56E4EBC2B00FD97B4F7FD6 /* Tracks.swift */,
			);
			path = Data;
			sourceTree = "<group>";
		};
		F7EE12501EB7201D317BF279 /* Resources */ = {
			isa = PBXGroup;
			children = (
				82CA4B8BDC045C16F231C4E3 /* Assets.xcassets */,
			);
			path = Resources;
			sourceTree = "<group>";
		};
		FCB0E6001B954CCA450AA55C /* PulseTests */ = {
			isa = PBXGroup;
			children = (
				8FA857BE40CCB4925205352A /* AppSettingsTests.swift */,
				AC905516CE27C92C65B2F237 /* ColorThemeTests.swift */,
				D749E47C006DBF8D719533DE /* ExportPlanTests.swift */,
				918FCF7AD462B87A68E77128 /* PatternStoreTests.swift */,
				B482574CA195A1DAE016C145 /* PresetsTests.swift */,
				CF7709EC17543072039B4671 /* SampleKitsTests.swift */,
				6F2C534E58486485E85F3CC2 /* SessionStateTests.swift */,
				58355B633C2F1A2DAD18A896 /* StoreTests.swift */,
				8050A11B221549612EC5112E /* TrackEffectsTests.swift */,
				982B0E039F5177C7BE9F9F13 /* TracksTests.swift */,
			);
			path = PulseTests;
			sourceTree = "<group>";
		};
/* End PBXGroup section */

/* Begin PBXNativeTarget section */
		26CB5097CD9CC52FD2F253AB /* PulseTests */ = {
			isa = PBXNativeTarget;
			buildConfigurationList = F2F1EA2CB05C310F102D486E /* Build configuration list for PBXNativeTarget "PulseTests" */;
			buildPhases = (
				8B00C375CD98515701D2325C /* Sources */,
			);
			buildRules = (
			);
			dependencies = (
				43B12092B94F779018A5F285 /* PBXTargetDependency */,
			);
			name = PulseTests;
			packageProductDependencies = (
			);
			productName = PulseTests;
			productReference = 4FBA30D234A433E58E16508B /* PulseTests.xctest */;
			productType = "com.apple.product-type.bundle.unit-test";
		};
		CF79B1BAD3D70F54153FE0B3 /* Pulse */ = {
			isa = PBXNativeTarget;
			buildConfigurationList = 9608D96881FD5C17BB380FA0 /* Build configuration list for PBXNativeTarget "Pulse" */;
			buildPhases = (
				D70CFAE236269B6E146109F4 /* Sources */,
				606EBA1EB03BF3A2D7674713 /* Resources */,
			);
			buildRules = (
			);
			dependencies = (
			);
			name = Pulse;
			packageProductDependencies = (
			);
			productName = Pulse;
			productReference = 13FEF2D2118D74C3572DF349 /* Pulse.app */;
			productType = "com.apple.product-type.application";
		};
/* End PBXNativeTarget section */

/* Begin PBXProject section */
		84FEC84833EC6BF77563A3F6 /* Project object */ = {
			isa = PBXProject;
			attributes = {
				BuildIndependentTargetsInParallel = YES;
				LastUpgradeCheck = 1430;
				TargetAttributes = {
					26CB5097CD9CC52FD2F253AB = {
						DevelopmentTeam = TX75WUA2RL;
						ProvisioningStyle = Automatic;
					};
					CF79B1BAD3D70F54153FE0B3 = {
						DevelopmentTeam = TX75WUA2RL;
						ProvisioningStyle = Automatic;
					};
				};
			};
			buildConfigurationList = AEADBFB0BC46A63478A94A51 /* Build configuration list for PBXProject "Pulse" */;
			compatibilityVersion = "Xcode 14.0";
			developmentRegion = en;
			hasScannedForEncodings = 0;
			knownRegions = (
				Base,
				en,
			);
			mainGroup = 7A87E3B4AE2E59047EFB8F61;
			minimizedProjectReferenceProxies = 1;
			preferredProjectObjectVersion = 77;
			projectDirPath = "";
			projectRoot = "";
			targets = (
				CF79B1BAD3D70F54153FE0B3 /* Pulse */,
				26CB5097CD9CC52FD2F253AB /* PulseTests */,
			);
		};
/* End PBXProject section */

/* Begin PBXResourcesBuildPhase section */
		606EBA1EB03BF3A2D7674713 /* Resources */ = {
			isa = PBXResourcesBuildPhase;
			buildActionMask = 2147483647;
			files = (
				616B1E15A99B07B4D65A228F /* Assets.xcassets in Resources */,
			);
			runOnlyForDeploymentPostprocessing = 0;
		};
/* End PBXResourcesBuildPhase section */

/* Begin PBXSourcesBuildPhase section */
		8B00C375CD98515701D2325C /* Sources */ = {
			isa = PBXSourcesBuildPhase;
			buildActionMask = 2147483647;
			files = (
				D137BDC802515EFD1669CAA2 /* AppSettingsTests.swift in Sources */,
				B225AC568F49DA00FC0EBC6C /* ColorThemeTests.swift in Sources */,
				280E50DB29B43A69B012B82F /* ExportPlanTests.swift in Sources */,
				BEF2EFE9CA34C7D767F58C56 /* PatternStoreTests.swift in Sources */,
				2910C6F1EC6B17E6735F749D /* PresetsTests.swift in Sources */,
				176B96B916D99A4B8D2A056F /* SampleKitsTests.swift in Sources */,
				47ABBF89B33B0D9C0EB5145B /* SessionStateTests.swift in Sources */,
				593E0C3776C4B93E2CEBBFB4 /* StoreTests.swift in Sources */,
				9B6CA5DA4B6A94018ED3D755 /* TrackEffectsTests.swift in Sources */,
				2013364E56B47CDC09B19E61 /* TracksTests.swift in Sources */,
			);
			runOnlyForDeploymentPostprocessing = 0;
		};
		D70CFAE236269B6E146109F4 /* Sources */ = {
			isa = PBXSourcesBuildPhase;
			buildActionMask = 2147483647;
			files = (
				A8554BFC2497BF99FD3C8A1F /* ActionsViewController.swift in Sources */,
				9E7FC8D4372D7D6477B1E1CE /* AppDelegate.swift in Sources */,
				191AE9FFB312C7AB639EE9A0 /* AppSettings.swift in Sources */,
				FB61F8B02D4E5452965B1AF2 /* AudioEngine.swift in Sources */,
				2758E91BE80F83E6B8A2EBD5 /* BarActionsViewController.swift in Sources */,
				F17837AAB34BE33E169E3658 /* CellButton.swift in Sources */,
				C2248374EB3B1E80F731F30A /* ColorTheme.swift in Sources */,
				2219230500670C3F9AB24267 /* CrashLogger.swift in Sources */,
				919D2986FD36B93041167CDD /* ExportPlan.swift in Sources */,
				829BF53E5B5B3892A3D5EBB5 /* FaderControl.swift in Sources */,
				108DA7F180F50C9BD4C7F4A8 /* KitPickerViewController.swift in Sources */,
				957541AD298144CE3AEFA793 /* KnobControl.swift in Sources */,
				B16E1AF171034F853892913B /* LevelMeterStripView.swift in Sources */,
				92528EF8C82B3D65914B5069 /* MainViewController.swift in Sources */,
				0695C41C5BFCD2213CD18550 /* PatternLibraryViewController.swift in Sources */,
				A4F508C5FF8E23F5C835CA8F /* PatternStore.swift in Sources */,
				841AADEA1BF7E0367AA736A2 /* Presets.swift in Sources */,
				A42EB5E151A566DA7D46C921 /* SampleKits.swift in Sources */,
				425E074066A69E62EFF84D5F /* SceneDelegate.swift in Sources */,
				F1A5D42C877007077A318F45 /* SequencerView.swift in Sources */,
				97710BDD3FA9DE1F343CF4D2 /* SettingsViewController.swift in Sources */,
				5B1224B4A7B8F994B72217B7 /* Store.swift in Sources */,
				1588E0A7A2CC232214B932DC /* Synths.swift in Sources */,
				0CD41FB68FDBEA533E7F020D /* Theme.swift in Sources */,
				02EABD489A957AEAA7991EF8 /* ToastView.swift in Sources */,
				4C0A2F7B7B5BC8EE64044055 /* TrackActionsViewController.swift in Sources */,
				7D03AE0E0B1816039E741BA5 /* TrackDetailViewController.swift in Sources */,
				DD600448B5D57F1D8F25DF5B /* TrackEffects.swift in Sources */,
				2B21B11B975A4EB829745FEB /* TrackHeaderView.swift in Sources */,
				E91C04DE87C0D499832AABCF /* Tracks.swift in Sources */,
				03D09AF328EBE7357D8B3955 /* TransportView.swift in Sources */,
			);
			runOnlyForDeploymentPostprocessing = 0;
		};
/* End PBXSourcesBuildPhase section */

/* Begin PBXTargetDependency section */
		43B12092B94F779018A5F285 /* PBXTargetDependency */ = {
			isa = PBXTargetDependency;
			target = CF79B1BAD3D70F54153FE0B3 /* Pulse */;
			targetProxy = EE9EFEEC20EB618CA7451ADB /* PBXContainerItemProxy */;
		};
/* End PBXTargetDependency section */

/* Begin XCBuildConfiguration section */
		2269555CAF74F95347158B33 /* Release */ = {
			isa = XCBuildConfiguration;
			buildSettings = {
				BUNDLE_LOADER = "$(TEST_HOST)";
				GENERATE_INFOPLIST_FILE = YES;
				LD_RUNPATH_SEARCH_PATHS = (
					"$(inherited)",
					"@executable_path/Frameworks",
					"@loader_path/Frameworks",
				);
				PRODUCT_BUNDLE_IDENTIFIER = com.bobbyshull.pulse.tests;
				SDKROOT = iphoneos;
				TARGETED_DEVICE_FAMILY = "1,2";
				TEST_HOST = "$(BUILT_PRODUCTS_DIR)/Pulse.app/Pulse";
			};
			name = Release;
		};
		2E7048B1817FBF01C246A8F3 /* Release */ = {
			isa = XCBuildConfiguration;
			buildSettings = {
				ALWAYS_SEARCH_USER_PATHS = NO;
				CLANG_ANALYZER_NONNULL = YES;
				CLANG_ANALYZER_NUMBER_OBJECT_CONVERSION = YES_AGGRESSIVE;
				CLANG_CXX_LANGUAGE_STANDARD = "gnu++14";
				CLANG_CXX_LIBRARY = "libc++";
				CLANG_ENABLE_MODULES = YES;
				CLANG_ENABLE_OBJC_ARC = YES;
				CLANG_ENABLE_OBJC_WEAK = YES;
				CLANG_WARN_BLOCK_CAPTURE_AUTORELEASING = YES;
				CLANG_WARN_BOOL_CONVERSION = YES;
				CLANG_WARN_COMMA = YES;
				CLANG_WARN_CONSTANT_CONVERSION = YES;
				CLANG_WARN_DEPRECATED_OBJC_IMPLEMENTATIONS = YES;
				CLANG_WARN_DIRECT_OBJC_ISA_USAGE = YES_ERROR;
				CLANG_WARN_DOCUMENTATION_COMMENTS = YES;
				CLANG_WARN_EMPTY_BODY = YES;
				CLANG_WARN_ENUM_CONVERSION = YES;
				CLANG_WARN_INFINITE_RECURSION = YES;
				CLANG_WARN_INT_CONVERSION = YES;
				CLANG_WARN_NON_LITERAL_NULL_CONVERSION = YES;
				CLANG_WARN_OBJC_IMPLICIT_RETAIN_SELF = YES;
				CLANG_WARN_OBJC_LITERAL_CONVERSION = YES;
				CLANG_WARN_OBJC_ROOT_CLASS = YES_ERROR;
				CLANG_WARN_QUOTED_INCLUDE_IN_FRAMEWORK_HEADER = YES;
				CLANG_WARN_RANGE_LOOP_ANALYSIS = YES;
				CLANG_WARN_STRICT_PROTOTYPES = YES;
				CLANG_WARN_SUSPICIOUS_MOVE = YES;
				CLANG_WARN_UNGUARDED_AVAILABILITY = YES_AGGRESSIVE;
				CLANG_WARN_UNREACHABLE_CODE = YES;
				CLANG_WARN__DUPLICATE_METHOD_MATCH = YES;
				CODE_SIGN_STYLE = Automatic;
				COPY_PHASE_STRIP = NO;
				DEBUG_INFORMATION_FORMAT = "dwarf-with-dsym";
				DEVELOPMENT_TEAM = TX75WUA2RL;
				ENABLE_NS_ASSERTIONS = NO;
				ENABLE_PREVIEWS = NO;
				ENABLE_STRICT_OBJC_MSGSEND = YES;
				GCC_C_LANGUAGE_STANDARD = gnu11;
				GCC_NO_COMMON_BLOCKS = YES;
				GCC_WARN_64_TO_32_BIT_CONVERSION = YES;
				GCC_WARN_ABOUT_RETURN_TYPE = YES_ERROR;
				GCC_WARN_UNDECLARED_SELECTOR = YES;
				GCC_WARN_UNINITIALIZED_AUTOS = YES_AGGRESSIVE;
				GCC_WARN_UNUSED_FUNCTION = YES;
				GCC_WARN_UNUSED_VARIABLE = YES;
				IPHONEOS_DEPLOYMENT_TARGET = 16.0;
				MTL_ENABLE_DEBUG_INFO = NO;
				MTL_FAST_MATH = YES;
				PRODUCT_NAME = "$(TARGET_NAME)";
				SDKROOT = iphoneos;
				SUPPORTS_MACCATALYST = NO;
				SWIFT_COMPILATION_MODE = wholemodule;
				SWIFT_OPTIMIZATION_LEVEL = "-O";
				SWIFT_VERSION = 5.9;
				TARGETED_DEVICE_FAMILY = "1,2";
			};
			name = Release;
		};
		78CFDB6D85EA0A925D164718 /* Debug */ = {
			isa = XCBuildConfiguration;
			buildSettings = {
				ASSETCATALOG_COMPILER_APPICON_NAME = AppIcon;
				ASSETCATALOG_COMPILER_GLOBAL_ACCENT_COLOR_NAME = "";
				CODE_SIGN_ENTITLEMENTS = Pulse/Pulse.entitlements;
				CODE_SIGN_IDENTITY = "iPhone Developer";
				GENERATE_INFOPLIST_FILE = NO;
				INFOPLIST_FILE = Pulse/Resources/Info.plist;
				LD_RUNPATH_SEARCH_PATHS = (
					"$(inherited)",
					"@executable_path/Frameworks",
				);
				PRODUCT_BUNDLE_IDENTIFIER = com.bobbyshull.pulse;
				SDKROOT = iphoneos;
				TARGETED_DEVICE_FAMILY = "1,2";
			};
			name = Debug;
		};
		DF81B04A566426AD422B92B3 /* Release */ = {
			isa = XCBuildConfiguration;
			buildSettings = {
				ASSETCATALOG_COMPILER_APPICON_NAME = AppIcon;
				ASSETCATALOG_COMPILER_GLOBAL_ACCENT_COLOR_NAME = "";
				CODE_SIGN_ENTITLEMENTS = Pulse/Pulse.entitlements;
				CODE_SIGN_IDENTITY = "iPhone Developer";
				GENERATE_INFOPLIST_FILE = NO;
				INFOPLIST_FILE = Pulse/Resources/Info.plist;
				LD_RUNPATH_SEARCH_PATHS = (
					"$(inherited)",
					"@executable_path/Frameworks",
				);
				PRODUCT_BUNDLE_IDENTIFIER = com.bobbyshull.pulse;
				SDKROOT = iphoneos;
				TARGETED_DEVICE_FAMILY = "1,2";
			};
			name = Release;
		};
		F4D6E71E3061EE0C8446C127 /* Debug */ = {
			isa = XCBuildConfiguration;
			buildSettings = {
				BUNDLE_LOADER = "$(TEST_HOST)";
				GENERATE_INFOPLIST_FILE = YES;
				LD_RUNPATH_SEARCH_PATHS = (
					"$(inherited)",
					"@executable_path/Frameworks",
					"@loader_path/Frameworks",
				);
				PRODUCT_BUNDLE_IDENTIFIER = com.bobbyshull.pulse.tests;
				SDKROOT = iphoneos;
				TARGETED_DEVICE_FAMILY = "1,2";
				TEST_HOST = "$(BUILT_PRODUCTS_DIR)/Pulse.app/Pulse";
			};
			name = Debug;
		};
		FA223E74BBF86702C72CD3A8 /* Debug */ = {
			isa = XCBuildConfiguration;
			buildSettings = {
				ALWAYS_SEARCH_USER_PATHS = NO;
				CLANG_ANALYZER_NONNULL = YES;
				CLANG_ANALYZER_NUMBER_OBJECT_CONVERSION = YES_AGGRESSIVE;
				CLANG_CXX_LANGUAGE_STANDARD = "gnu++14";
				CLANG_CXX_LIBRARY = "libc++";
				CLANG_ENABLE_MODULES = YES;
				CLANG_ENABLE_OBJC_ARC = YES;
				CLANG_ENABLE_OBJC_WEAK = YES;
				CLANG_WARN_BLOCK_CAPTURE_AUTORELEASING = YES;
				CLANG_WARN_BOOL_CONVERSION = YES;
				CLANG_WARN_COMMA = YES;
				CLANG_WARN_CONSTANT_CONVERSION = YES;
				CLANG_WARN_DEPRECATED_OBJC_IMPLEMENTATIONS = YES;
				CLANG_WARN_DIRECT_OBJC_ISA_USAGE = YES_ERROR;
				CLANG_WARN_DOCUMENTATION_COMMENTS = YES;
				CLANG_WARN_EMPTY_BODY = YES;
				CLANG_WARN_ENUM_CONVERSION = YES;
				CLANG_WARN_INFINITE_RECURSION = YES;
				CLANG_WARN_INT_CONVERSION = YES;
				CLANG_WARN_NON_LITERAL_NULL_CONVERSION = YES;
				CLANG_WARN_OBJC_IMPLICIT_RETAIN_SELF = YES;
				CLANG_WARN_OBJC_LITERAL_CONVERSION = YES;
				CLANG_WARN_OBJC_ROOT_CLASS = YES_ERROR;
				CLANG_WARN_QUOTED_INCLUDE_IN_FRAMEWORK_HEADER = YES;
				CLANG_WARN_RANGE_LOOP_ANALYSIS = YES;
				CLANG_WARN_STRICT_PROTOTYPES = YES;
				CLANG_WARN_SUSPICIOUS_MOVE = YES;
				CLANG_WARN_UNGUARDED_AVAILABILITY = YES_AGGRESSIVE;
				CLANG_WARN_UNREACHABLE_CODE = YES;
				CLANG_WARN__DUPLICATE_METHOD_MATCH = YES;
				CODE_SIGN_STYLE = Automatic;
				COPY_PHASE_STRIP = NO;
				DEBUG_INFORMATION_FORMAT = dwarf;
				DEVELOPMENT_TEAM = TX75WUA2RL;
				ENABLE_PREVIEWS = NO;
				ENABLE_STRICT_OBJC_MSGSEND = YES;
				ENABLE_TESTABILITY = YES;
				GCC_C_LANGUAGE_STANDARD = gnu11;
				GCC_DYNAMIC_NO_PIC = NO;
				GCC_NO_COMMON_BLOCKS = YES;
				GCC_OPTIMIZATION_LEVEL = 0;
				GCC_PREPROCESSOR_DEFINITIONS = (
					"$(inherited)",
					"DEBUG=1",
				);
				GCC_WARN_64_TO_32_BIT_CONVERSION = YES;
				GCC_WARN_ABOUT_RETURN_TYPE = YES_ERROR;
				GCC_WARN_UNDECLARED_SELECTOR = YES;
				GCC_WARN_UNINITIALIZED_AUTOS = YES_AGGRESSIVE;
				GCC_WARN_UNUSED_FUNCTION = YES;
				GCC_WARN_UNUSED_VARIABLE = YES;
				IPHONEOS_DEPLOYMENT_TARGET = 16.0;
				MTL_ENABLE_DEBUG_INFO = INCLUDE_SOURCE;
				MTL_FAST_MATH = YES;
				ONLY_ACTIVE_ARCH = YES;
				PRODUCT_NAME = "$(TARGET_NAME)";
				SDKROOT = iphoneos;
				SUPPORTS_MACCATALYST = NO;
				SWIFT_ACTIVE_COMPILATION_CONDITIONS = DEBUG;
				SWIFT_OPTIMIZATION_LEVEL = "-Onone";
				SWIFT_VERSION = 5.9;
				TARGETED_DEVICE_FAMILY = "1,2";
			};
			name = Debug;
		};
/* End XCBuildConfiguration section */

/* Begin XCConfigurationList section */
		9608D96881FD5C17BB380FA0 /* Build configuration list for PBXNativeTarget "Pulse" */ = {
			isa = XCConfigurationList;
			buildConfigurations = (
				78CFDB6D85EA0A925D164718 /* Debug */,
				DF81B04A566426AD422B92B3 /* Release */,
			);
			defaultConfigurationIsVisible = 0;
			defaultConfigurationName = Debug;
		};
		AEADBFB0BC46A63478A94A51 /* Build configuration list for PBXProject "Pulse" */ = {
			isa = XCConfigurationList;
			buildConfigurations = (
				FA223E74BBF86702C72CD3A8 /* Debug */,
				2E7048B1817FBF01C246A8F3 /* Release */,
			);
			defaultConfigurationIsVisible = 0;
			defaultConfigurationName = Debug;
		};
		F2F1EA2CB05C310F102D486E /* Build configuration list for PBXNativeTarget "PulseTests" */ = {
			isa = XCConfigurationList;
			buildConfigurations = (
				F4D6E71E3061EE0C8446C127 /* Debug */,
				2269555CAF74F95347158B33 /* Release */,
			);
			defaultConfigurationIsVisible = 0;
			defaultConfigurationName = Debug;
		};
/* End XCConfigurationList section */
	};
	rootObject = 84FEC84833EC6BF77563A3F6 /* Project object */;
}
